schema: '2.0'
stages:
  data_ingestion:
    cmd: python src/data_ingestion.py
    deps:
    - path: experiments/data_to_mongodb.py
      hash: md5
      md5: 5cf98bdda1dab743b2368145c3a49b26
      size: 752
    - path: src/data_ingestion.py
      hash: md5
      md5: bdf4ad77396d335ca5c7b84a18114738
      size: 1645
    outs:
    - path: data/raw
      hash: md5
      md5: d43f63609dc9e2f135ec9ceca9e5f367.dir
      size: 21813467
      nfiles: 1
  data_preprocessing:
    cmd: python src/data_preprocessing.py
    deps:
    - path: data/raw
      hash: md5
      md5: d43f63609dc9e2f135ec9ceca9e5f367.dir
      size: 21813467
      nfiles: 1
    - path: src/data_preprocessing.py
      hash: md5
      md5: 84223c1c087b4ae9bcae8b567b4fecf5
      size: 1690
    outs:
    - path: data/split
      hash: md5
      md5: e7a8439ad7ff2593f3b3d6b2d74ead99.dir
      size: 21813609
      nfiles: 2
  feature_engineering:
    cmd: python src/feature_engineering.py
    deps:
    - path: data/split
      hash: md5
      md5: e7a8439ad7ff2593f3b3d6b2d74ead99.dir
      size: 21813609
      nfiles: 2
    - path: src/feature_engineering.py
      hash: md5
      md5: 62c64781b13a4682692785839213c3cf
      size: 2389
    outs:
    - path: data/cleaned
      hash: md5
      md5: f08bc2d00430ae900dddfb98275592d5.dir
      size: 19578064
      nfiles: 2
  train_evaluate_model:
    cmd: python src/train_evaluate_model.py
    deps:
    - path: data/cleaned
      hash: md5
      md5: f08bc2d00430ae900dddfb98275592d5.dir
      size: 19578064
      nfiles: 2
    - path: src/train_evaluate_model.py
      hash: md5
      md5: baf89d5c541aaa1dde045ffff3b29820
      size: 3895
    outs:
    - path: metrics/result.json
      hash: md5
      md5: 89e0678608e6e46303b6ecf6d1040e7f
      size: 113
    - path: models/model.pkl
      hash: md5
      md5: c066e27b06281df78abf4d308ebf80d4
      size: 684378214
